{
  "object": {
    "pins": [
      {
        "package": "AdvancedPageControl",
        "repositoryURL": "https://github.com/mohn93/AdvancedPageControl",
        "state": {
          "branch": "master",
          "revision": "acf23353fd627b102bd98214ba625bbfe4ee3831",
          "version": null
        }
      },
      {
        "package": "LGSideMenuController",
        "repositoryURL": "https://github.com/Friend-LGA/LGSideMenuController",
        "state": {
          "branch": null,
          "revision": "0bc42f704fb2b60cd54b13f813a0e4e6875f569a",
          "version": "3.1.2"
        }
      },
      {
        "package": "PullUpController",
        "repositoryURL": "https://github.com/MarioIannotta/PullUpController",
        "state": {
          "branch": "master",
          "revision": "6192b4745a4423e8fd2dc0a4eb8d34ca247a5163",
          "version": null
        }
      }
    ]
  },
  "version": 1
}
